
Microsoft Visual Studio Solution File, Format Version 12.00
# Visual Studio Version 17
VisualStudioVersion = 17.14.36603.0 d17.14
MinimumVisualStudioVersion = 10.0.40219.1
Project("{FAE04EC0-301F-11D3-BF4B-00C04F79EFBC}") = "LMS.Api", "LMS.Api\LMS.Api.csproj", "{E877C939-8BE6-425F-B872-D6326AFFD5CC}"
EndProject
Global
	GlobalSection(SolutionConfigurationPlatforms) = preSolution
		Debug|Any CPU = Debug|Any CPU
		Release|Any CPU = Release|Any CPU
	EndGlobalSection
	GlobalSection(ProjectConfigurationPlatforms) = postSolution
		{E877C939-8BE6-425F-B872-D6326AFFD5CC}.Debug|Any CPU.ActiveCfg = Debug|Any CPU
		{E877C939-8BE6-425F-B872-D6326AFFD5CC}.Debug|Any CPU.Build.0 = Debug|Any CPU
		{E877C939-8BE6-425F-B872-D6326AFFD5CC}.Release|Any CPU.ActiveCfg = Release|Any CPU
		{E877C939-8BE6-425F-B872-D6326AFFD5CC}.Release|Any CPU.Build.0 = Release|Any CPU
	EndGlobalSection
	GlobalSection(SolutionProperties) = preSolution
		HideSolutionNode = FALSE
	EndGlobalSection
	GlobalSection(ExtensibilityGlobals) = postSolution
		SolutionGuid = {AA7BE8BB-C48B-4A55-8F66-9DE1ACDF43C3}
	EndGlobalSection
EndGlobal
